{
  "version": 4,
  "terraform_version": "1.7.5",
  "serial": 4,
  "lineage": "9e369594-c898-1ce9-3975-781a97455124",
  "outputs": {},
  "resources": [
    {
      "mode": "data",
      "type": "azuread_client_config",
      "name": "current",
      "provider": "provider[\"registry.terraform.io/hashicorp/azuread\"]",
      "instances": [
        {
          "schema_version": 0,
          "attributes": {
            "client_id": "04b07795-8ddb-461a-bbee-02f9e1bf7b46",
            "id": "ae1aa8d0-0d3e-458d-8eb3-e6b933fbd51e-04b07795-8ddb-461a-bbee-02f9e1bf7b46-f222609d-24d4-41bb-ae04-46d25f4dc6c0",
            "object_id": "f222609d-24d4-41bb-ae04-46d25f4dc6c0",
            "tenant_id": "ae1aa8d0-0d3e-458d-8eb3-e6b933fbd51e",
            "timeouts": null
          },
          "sensitive_attributes": []
        }
      ]
    },
    {
      "mode": "managed",
      "type": "azuread_conditional_access_policy",
      "name": "all_admins_mfa",
      "provider": "provider[\"registry.terraform.io/hashicorp/azuread\"]",
      "instances": [
        {
          "schema_version": 0,
          "attributes": {
            "conditions": [
              {
                "applications": [
                  {
                    "excluded_applications": [],
                    "included_applications": [
                      "All"
                    ],
                    "included_user_actions": null
                  }
                ],
                "client_app_types": [
                  "all"
                ],
                "client_applications": [],
                "devices": [],
                "locations": [
                  {
                    "excluded_locations": [
                      "AllTrusted"
                    ],
                    "included_locations": [
                      "All"
                    ]
                  }
                ],
                "platforms": [],
                "service_principal_risk_levels": null,
                "sign_in_risk_levels": [],
                "user_risk_levels": [],
                "users": [
                  {
                    "excluded_groups": [
                      "4a28132d-4707-4136-b5fe-3c8b9b8bad65"
                    ],
                    "excluded_guests_or_external_users": [],
                    "excluded_roles": null,
                    "excluded_users": null,
                    "included_groups": null,
                    "included_guests_or_external_users": [],
                    "included_roles": null,
                    "included_users": [
                      "All"
                    ]
                  }
                ]
              }
            ],
            "display_name": "all_admins_mfa",
            "grant_controls": [
              {
                "authentication_strength_policy_id": "",
                "built_in_controls": [
                  "mfa"
                ],
                "custom_authentication_factors": null,
                "operator": "OR",
                "terms_of_use": null
              }
            ],
            "id": "1d1c3224-c638-4a17-b0a8-8d42d09b6b6e",
            "session_controls": [
              {
                "application_enforced_restrictions_enabled": true,
                "cloud_app_security_policy": "monitorOnly",
                "disable_resilience_defaults": false,
                "persistent_browser_mode": "",
                "sign_in_frequency": 10,
                "sign_in_frequency_authentication_type": "primaryAndSecondaryAuthentication",
                "sign_in_frequency_interval": "timeBased",
                "sign_in_frequency_period": "hours"
              }
            ],
            "state": "disabled",
            "timeouts": null
          },
          "sensitive_attributes": [],
          "private": "eyJlMmJmYjczMC1lY2FhLTExZTYtOGY4OC0zNDM2M2JjN2M0YzAiOnsiY3JlYXRlIjozMDAwMDAwMDAwMDAsImRlbGV0ZSI6MzAwMDAwMDAwMDAwLCJyZWFkIjozMDAwMDAwMDAwMDAsInVwZGF0ZSI6OTAwMDAwMDAwMDAwfX0="
        }
      ]
    },
    {
      "mode": "managed",
      "type": "azuread_group",
      "name": "ca_exclude",
      "provider": "provider[\"registry.terraform.io/hashicorp/azuread\"]",
      "instances": [
        {
          "schema_version": 0,
          "attributes": {
            "administrative_unit_ids": [],
            "assignable_to_role": false,
            "auto_subscribe_new_members": false,
            "behaviors": [],
            "description": "",
            "display_name": "ca_exclude",
            "dynamic_membership": [],
            "external_senders_allowed": false,
            "hide_from_address_lists": false,
            "hide_from_outlook_clients": false,
            "id": "4a28132d-4707-4136-b5fe-3c8b9b8bad65",
            "mail": "",
            "mail_enabled": false,
            "mail_nickname": "4213b0be-e",
            "members": [],
            "object_id": "4a28132d-4707-4136-b5fe-3c8b9b8bad65",
            "onpremises_domain_name": "",
            "onpremises_group_type": "",
            "onpremises_netbios_name": "",
            "onpremises_sam_account_name": "",
            "onpremises_security_identifier": "",
            "onpremises_sync_enabled": false,
            "owners": [],
            "preferred_language": "",
            "prevent_duplicate_names": false,
            "provisioning_options": [],
            "proxy_addresses": [],
            "security_enabled": true,
            "theme": "",
            "timeouts": null,
            "types": [],
            "visibility": "",
            "writeback_enabled": false
          },
          "sensitive_attributes": [],
          "private": "eyJlMmJmYjczMC1lY2FhLTExZTYtOGY4OC0zNDM2M2JjN2M0YzAiOnsiY3JlYXRlIjoxMjAwMDAwMDAwMDAwLCJkZWxldGUiOjMwMDAwMDAwMDAwMCwicmVhZCI6MzAwMDAwMDAwMDAwLCJ1cGRhdGUiOjEyMDAwMDAwMDAwMDB9LCJzY2hlbWFfdmVyc2lvbiI6IjAifQ=="
        }
      ]
    }
  ],
  "check_results": null
}
